// !$*UTF8*$!
{
	archiveVersion = 1;
	classes = {
	};
	objectVersion = 46;
	objects = {

/* Begin PBXBuildFile section */
		114C446C1C9ED4CE006501BA /* PlayMode.swift in Sources */ = {isa = PBXBuildFile; fileRef = 114C446B1C9ED4CE006501BA /* PlayMode.swift */; };
		114C446F1C9EE269006501BA /* PitchPerfectAPI.swift in Sources */ = {isa = PBXBuildFile; fileRef = 114C446E1C9EE269006501BA /* PitchPerfectAPI.swift */; };
		118615201C9C905F0037870F /* AppDelegate.swift in Sources */ = {isa = PBXBuildFile; fileRef = 1186151F1C9C905F0037870F /* AppDelegate.swift */; };
		118615221C9C905F0037870F /* RecordSoundViewController.swift in Sources */ = {isa = PBXBuildFile; fileRef = 118615211C9C905F0037870F /* RecordSoundViewController.swift */; };
		118615251C9C905F0037870F /* Main.storyboard in Resources */ = {isa = PBXBuildFile; fileRef = 118615231C9C905F0037870F /* Main.storyboard */; };
		118615271C9C905F0037870F /* Assets.xcassets in Resources */ = {isa = PBXBuildFile; fileRef = 118615261C9C905F0037870F /* Assets.xcassets */; };
		1186152A1C9C905F0037870F /* LaunchScreen.storyboard in Resources */ = {isa = PBXBuildFile; fileRef = 118615281C9C905F0037870F /* LaunchScreen.storyboard */; };
		118615321C9D5EC90037870F /* PlaySoundsViewController.swift in Sources */ = {isa = PBXBuildFile; fileRef = 118615311C9D5EC90037870F /* PlaySoundsViewController.swift */; };
		1186153A1C9DDF690037870F /* RecorderAudio.swift in Sources */ = {isa = PBXBuildFile; fileRef = 118615391C9DDF690037870F /* RecorderAudio.swift */; };
		1186153D1C9E8F350037870F /* Config.swift in Sources */ = {isa = PBXBuildFile; fileRef = 1186153C1C9E8F350037870F /* Config.swift */; };
/* End PBXBuildFile section */

/* Begin PBXFileReference section */
		114C446B1C9ED4CE006501BA /* PlayMode.swift */ = {isa = PBXFileReference; fileEncoding = 4; lastKnownFileType = sourcecode.swift; path = PlayMode.swift; sourceTree = "<group>"; };
		114C446E1C9EE269006501BA /* PitchPerfectAPI.swift */ = {isa = PBXFileReference; fileEncoding = 4; lastKnownFileType = sourcecode.swift; path = PitchPerfectAPI.swift; sourceTree = "<group>"; };
		1186151C1C9C905F0037870F /* Pitch Perfect.app */ = {isa = PBXFileReference; explicitFileType = wrapper.application; includeInIndex = 0; path = "Pitch Perfect.app"; sourceTree = BUILT_PRODUCTS_DIR; };
		1186151F1C9C905F0037870F /* AppDelegate.swift */ = {isa = PBXFileReference; lastKnownFileType = sourcecode.swift; path = AppDelegate.swift; sourceTree = "<group>"; };
		118615211C9C905F0037870F /* RecordSoundViewController.swift */ = {isa = PBXFileReference; lastKnownFileType = sourcecode.swift; name = RecordSoundViewController.swift; path = "Pitch Perfect/RecordSoundViewController.swift"; sourceTree = "<group>"; };
		118615241C9C905F0037870F /* Base */ = {isa = PBXFileReference; lastKnownFileType = file.storyboard; name = Base; path = Base.lproj/Main.storyboard; sourceTree = "<group>"; };
		118615261C9C905F0037870F /* Assets.xcassets */ = {isa = PBXFileReference; lastKnownFileType = folder.assetcatalog; path = Assets.xcassets; sourceTree = "<group>"; };
		118615291C9C905F0037870F /* Base */ = {isa = PBXFileReference; lastKnownFileType = file.storyboard; name = Base; path = Base.lproj/LaunchScreen.storyboard; sourceTree = "<group>"; };
		1186152B1C9C905F0037870F /* Info.plist */ = {isa = PBXFileReference; lastKnownFileType = text.plist.xml; path = Info.plist; sourceTree = "<group>"; };
		118615311C9D5EC90037870F /* PlaySoundsViewController.swift */ = {isa = PBXFileReference; fileEncoding = 4; lastKnownFileType = sourcecode.swift; name = PlaySoundsViewController.swift; path = "Pitch Perfect/PlaySoundsViewController.swift"; sourceTree = "<group>"; };
		118615391C9DDF690037870F /* RecorderAudio.swift */ = {isa = PBXFileReference; fileEncoding = 4; lastKnownFileType = sourcecode.swift; path = RecorderAudio.swift; sourceTree = "<group>"; };
		1186153C1C9E8F350037870F /* Config.swift */ = {isa = PBXFileReference; fileEncoding = 4; lastKnownFileType = sourcecode.swift; path = Config.swift; sourceTree = "<group>"; };
/* End PBXFileReference section */

/* Begin PBXFrameworksBuildPhase section */
		118615191C9C905F0037870F /* Frameworks */ = {
			isa = PBXFrameworksBuildPhase;
			buildActionMask = 2147483647;
			files = (
			);
			runOnlyForDeploymentPostprocessing = 0;
		};
/* End PBXFrameworksBuildPhase section */

/* Begin PBXGroup section */
		114C446D1C9EE255006501BA /* API */ = {
			isa = PBXGroup;
			children = (
				114C446E1C9EE269006501BA /* PitchPerfectAPI.swift */,
			);
			name = API;
			sourceTree = "<group>";
		};
		118615131C9C905F0037870F = {
			isa = PBXGroup;
			children = (
				114C446D1C9EE255006501BA /* API */,
				1186153B1C9E8F260037870F /* Config */,
				118615381C9DDF570037870F /* Model */,
				118615371C9D738B0037870F /* Controller */,
				1186151E1C9C905F0037870F /* Pitch Perfect */,
				1186151D1C9C905F0037870F /* Products */,
			);
			sourceTree = "<group>";
		};
		1186151D1C9C905F0037870F /* Products */ = {
			isa = PBXGroup;
			children = (
				1186151C1C9C905F0037870F /* Pitch Perfect.app */,
			);
			name = Products;
			sourceTree = "<group>";
		};
		1186151E1C9C905F0037870F /* Pitch Perfect */ = {
			isa = PBXGroup;
			children = (
				1186151F1C9C905F0037870F /* AppDelegate.swift */,
				118615231C9C905F0037870F /* Main.storyboard */,
				118615261C9C905F0037870F /* Assets.xcassets */,
				118615281C9C905F0037870F /* LaunchScreen.storyboard */,
				1186152B1C9C905F0037870F /* Info.plist */,
			);
			path = "Pitch Perfect";
			sourceTree = "<group>";
		};
		118615371C9D738B0037870F /* Controller */ = {
			isa = PBXGroup;
			children = (
				118615211C9C905F0037870F /* RecordSoundViewController.swift */,
				118615311C9D5EC90037870F /* PlaySoundsViewController.swift */,
			);
			name = Controller;
			sourceTree = "<group>";
		};
		118615381C9DDF570037870F /* Model */ = {
			isa = PBXGroup;
			children = (
				118615391C9DDF690037870F /* RecorderAudio.swift */,
				114C446B1C9ED4CE006501BA /* PlayMode.swift */,
			);
			name = Model;
			sourceTree = "<group>";
		};
		1186153B1C9E8F260037870F /* Config */ = {
			isa = PBXGroup;
			children = (
				1186153C1C9E8F350037870F /* Config.swift */,
			);
			name = Config;
			sourceTree = "<group>";
		};
/* End PBXGroup section */

/* Begin PBXNativeTarget section */
		1186151B1C9C905F0037870F /* Pitch Perfect */ = {
			isa = PBXNativeTarget;
			buildConfigurationList = 1186152E1C9C905F0037870F /* Build configuration list for PBXNativeTarget "Pitch Perfect" */;
			buildPhases = (
				118615181C9C905F0037870F /* Sources */,
				118615191C9C905F0037870F /* Frameworks */,
				1186151A1C9C905F0037870F /* Resources */,
			);
			buildRules = (
			);
			dependencies = (
			);
			name = "Pitch Perfect";
			productName = "Pitch Perfect";
			productReference = 1186151C1C9C905F0037870F /* Pitch Perfect.app */;
			productType = "com.apple.product-type.application";
		};
/* End PBXNativeTarget section */

/* Begin PBXProject section */
		118615141C9C905F0037870F /* Project object */ = {
			isa = PBXProject;
			attributes = {
				LastSwiftUpdateCheck = 0720;
				LastUpgradeCheck = 0720;
				ORGANIZATIONNAME = kysieksoftware;
				TargetAttributes = {
					1186151B1C9C905F0037870F = {
						CreatedOnToolsVersion = 7.2.1;
						DevelopmentTeam = WMF7W9X566;
					};
				};
			};
			buildConfigurationList = 118615171C9C905F0037870F /* Build configuration list for PBXProject "Pitch Perfect" */;
			compatibilityVersion = "Xcode 3.2";
			developmentRegion = English;
			hasScannedForEncodings = 0;
			knownRegions = (
				en,
				Base,
			);
			mainGroup = 118615131C9C905F0037870F;
			productRefGroup = 1186151D1C9C905F0037870F /* Products */;
			projectDirPath = "";
			projectRoot = "";
			targets = (
				1186151B1C9C905F0037870F /* Pitch Perfect */,
			);
		};
/* End PBXProject section */

/* Begin PBXResourcesBuildPhase section */
		1186151A1C9C905F0037870F /* Resources */ = {
			isa = PBXResourcesBuildPhase;
			buildActionMask = 2147483647;
			files = (
				1186152A1C9C905F0037870F /* LaunchScreen.storyboard in Resources */,
				118615271C9C905F0037870F /* Assets.xcassets in Resources */,
				118615251C9C905F0037870F /* Main.storyboard in Resources */,
			);
			runOnlyForDeploymentPostprocessing = 0;
		};
/* End PBXResourcesBuildPhase section */

/* Begin PBXSourcesBuildPhase section */
		118615181C9C905F0037870F /* Sources */ = {
			isa = PBXSourcesBuildPhase;
			buildActionMask = 2147483647;
			files = (
				118615221C9C905F0037870F /* RecordSoundViewController.swift in Sources */,
				118615321C9D5EC90037870F /* PlaySoundsViewController.swift in Sources */,
				114C446F1C9EE269006501BA /* PitchPerfectAPI.swift in Sources */,
				1186153D1C9E8F350037870F /* Config.swift in Sources */,
				114C446C1C9ED4CE006501BA /* PlayMode.swift in Sources */,
				1186153A1C9DDF690037870F /* RecorderAudio.swift in Sources */,
				118615201C9C905F0037870F /* AppDelegate.swift in Sources */,
			);
			runOnlyForDeploymentPostprocessing = 0;
		};
/* End PBXSourcesBuildPhase section */

/* Begin PBXVariantGroup section */
		118615231C9C905F0037870F /* Main.storyboard */ = {
			isa = PBXVariantGroup;
			children = (
				118615241C9C905F0037870F /* Base */,
			);
			name = Main.storyboard;
			sourceTree = "<group>";
		};
		118615281C9C905F0037870F /* LaunchScreen.storyboard */ = {
			isa = PBXVariantGroup;
			children = (
				118615291C9C905F0037870F /* Base */,
			);
			name = LaunchScreen.storyboard;
			sourceTree = "<group>";
		};
/* End PBXVariantGroup section */

/* Begin XCBuildConfiguration section */
		1186152C1C9C905F0037870F /* Debug */ = {
			isa = XCBuildConfiguration;
			buildSettings = {
				ALWAYS_SEARCH_USER_PATHS = NO;
				CLANG_CXX_LANGUAGE_STANDARD = "gnu++0x";
				CLANG_CXX_LIBRARY = "libc++";
				CLANG_ENABLE_MODULES = YES;
				CLANG_ENABLE_OBJC_ARC = YES;
				CLANG_WARN_BOOL_CONVERSION = YES;
				CLANG_WARN_CONSTANT_CONVERSION = YES;
				CLANG_WARN_DIRECT_OBJC_ISA_USAGE = YES_ERROR;
				CLANG_WARN_EMPTY_BODY = YES;
				CLANG_WARN_ENUM_CONVERSION = YES;
				CLANG_WARN_INT_CONVERSION = YES;
				CLANG_WARN_OBJC_ROOT_CLASS = YES_ERROR;
				CLANG_WARN_UNREACHABLE_CODE = YES;
				CLANG_WARN__DUPLICATE_METHOD_MATCH = YES;
				"CODE_SIGN_IDENTITY[sdk=iphoneos*]" = "iPhone Developer";
				COPY_PHASE_STRIP = NO;
				DEBUG_INFORMATION_FORMAT = dwarf;
				ENABLE_STRICT_OBJC_MSGSEND = YES;
				ENABLE_TESTABILITY = YES;
				GCC_C_LANGUAGE_STANDARD = gnu99;
				GCC_DYNAMIC_NO_PIC = NO;
				GCC_NO_COMMON_BLOCKS = YES;
				GCC_OPTIMIZATION_LEVEL = 0;
				GCC_PREPROCESSOR_DEFINITIONS = (
					"DEBUG=1",
					"$(inherited)",
				);
				GCC_WARN_64_TO_32_BIT_CONVERSION = YES;
				GCC_WARN_ABOUT_RETURN_TYPE = YES_ERROR;
				GCC_WARN_UNDECLARED_SELECTOR = YES;
				GCC_WARN_UNINITIALIZED_AUTOS = YES_AGGRESSIVE;
				GCC_WARN_UNUSED_FUNCTION = YES;
				GCC_WARN_UNUSED_VARIABLE = YES;
				IPHONEOS_DEPLOYMENT_TARGET = 9.2;
				MTL_ENABLE_DEBUG_INFO = YES;
				ONLY_ACTIVE_ARCH = YES;
				SDKROOT = iphoneos;
				SWIFT_OPTIMIZATION_LEVEL = "-Onone";
			};
			name = Debug;
		};
		1186152D1C9C905F0037870F /* Release */ = {
			isa = XCBuildConfiguration;
			buildSettings = {
				ALWAYS_SEARCH_USER_PATHS = NO;
				CLANG_CXX_LANGUAGE_STANDARD = "gnu++0x";
				CLANG_CXX_LIBRARY = "libc++";
				CLANG_ENABLE_MODULES = YES;
				CLANG_ENABLE_OBJC_ARC = YES;
				CLANG_WARN_BOOL_CONVERSION = YES;
				CLANG_WARN_CONSTANT_CONVERSION = YES;
				CLANG_WARN_DIRECT_OBJC_ISA_USAGE = YES_ERROR;
				CLANG_WARN_EMPTY_BODY = YES;
				CLANG_WARN_ENUM_CONVERSION = YES;
				CLANG_WARN_INT_CONVERSION = YES;
				CLANG_WARN_OBJC_ROOT_CLASS = YES_ERROR;
				CLANG_WARN_UNREACHABLE_CODE = YES;
				CLANG_WARN__DUPLICATE_METHOD_MATCH = YES;
				"CODE_SIGN_IDENTITY[sdk=iphoneos*]" = "iPhone Developer";
				COPY_PHASE_STRIP = NO;
				DEBUG_INFORMATION_FORMAT = "dwarf-with-dsym";
				ENABLE_NS_ASSERTIONS = NO;
				ENABLE_STRICT_OBJC_MSGSEND = YES;
				GCC_C_LANGUAGE_STANDARD = gnu99;
				GCC_NO_COMMON_BLOCKS = YES;
				GCC_WARN_64_TO_32_BIT_CONVERSION = YES;
				GCC_WARN_ABOUT_RETURN_TYPE = YES_ERROR;
				GCC_WARN_UNDECLARED_SELECTOR = YES;
				GCC_WARN_UNINITIALIZED_AUTOS = YES_AGGRESSIVE;
				GCC_WARN_UNUSED_FUNCTION = YES;
				GCC_WARN_UNUSED_VARIABLE = YES;
				IPHONEOS_DEPLOYMENT_TARGET = 9.2;
				MTL_ENABLE_DEBUG_INFO = NO;
				SDKROOT = iphoneos;
				VALIDATE_PRODUCT = YES;
			};
			name = Release;
		};
		1186152F1C9C905F0037870F /* Debug */ = {
			isa = XCBuildConfiguration;
			buildSettings = {
				ASSETCATALOG_COMPILER_APPICON_NAME = AppIcon;
				INFOPLIST_FILE = "Pitch Perfect/Info.plist";
				LD_RUNPATH_SEARCH_PATHS = "$(inherited) @executable_path/Frameworks";
				PRODUCT_BUNDLE_IDENTIFIER = "com.kysieksoftware.Pitch-Perfect";
				PRODUCT_NAME = "$(TARGET_NAME)";
			};
			name = Debug;
		};
		118615301C9C905F0037870F /* Release */ = {
			isa = XCBuildConfiguration;
			buildSettings = {
				ASSETCATALOG_COMPILER_APPICON_NAME = AppIcon;
				INFOPLIST_FILE = "Pitch Perfect/Info.plist";
				LD_RUNPATH_SEARCH_PATHS = "$(inherited) @executable_path/Frameworks";
				PRODUCT_BUNDLE_IDENTIFIER = "com.kysieksoftware.Pitch-Perfect";
				PRODUCT_NAME = "$(TARGET_NAME)";
			};
			name = Release;
		};
/* End XCBuildConfiguration section */

/* Begin XCConfigurationList section */
		118615171C9C905F0037870F /* Build configuration list for PBXProject "Pitch Perfect" */ = {
			isa = XCConfigurationList;
			buildConfigurations = (
				1186152C1C9C905F0037870F /* Debug */,
				1186152D1C9C905F0037870F /* Release */,
			);
			defaultConfigurationIsVisible = 0;
			defaultConfigurationName = Release;
		};
		1186152E1C9C905F0037870F /* Build configuration list for PBXNativeTarget "Pitch Perfect" */ = {
			isa = XCConfigurationList;
			buildConfigurations = (
				1186152F1C9C905F0037870F /* Debug */,
				118615301C9C905F0037870F /* Release */,
			);
			defaultConfigurationIsVisible = 0;
			defaultConfigurationName = Release;
		};
/* End XCConfigurationList section */
	};
	rootObject = 118615141C9C905F0037870F /* Project object */;
}
